# This file is automatically @generated by Cargo.
# It is not intended for manual editing.
version = 4

[[package]]
name = "adler2"
version = "2.0.1"
source = "registry+https://github.com/rust-lang/crates.io-index"
checksum = "320119579fcad9c21884f5c4861d16174d0e06250625266f50fe6898340abefa"

[[package]]
name = "aho-corasick"
version = "1.1.3"
source = "registry+https://github.com/rust-lang/crates.io-index"
checksum = "8e60d3430d3a69478ad0993f19238d2df97c507009a52b3c10addcd7f6bcb916"
dependencies = [
 "memchr",
]

[[package]]
name = "anstream"
version = "0.6.14"
source = "registry+https://github.com/rust-lang/crates.io-index"
checksum = "418c75fa768af9c03be99d17643f93f79bbba589895012a80e3452a19ddda15b"
dependencies = [
 "anstyle",
 "anstyle-parse",
 "anstyle-query",
 "anstyle-wincon",
 "colorchoice",
 "is_terminal_polyfill",
 "utf8parse",
]

[[package]]
name = "anstyle"
version = "1.0.7"
source = "registry+https://github.com/rust-lang/crates.io-index"
checksum = "038dfcf04a5feb68e9c60b21c9625a54c2c0616e79b72b0fd87075a056ae1d1b"

[[package]]
name = "anstyle-parse"
version = "0.2.4"
source = "registry+https://github.com/rust-lang/crates.io-index"
checksum = "c03a11a9034d92058ceb6ee011ce58af4a9bf61491aa7e1e59ecd24bd40d22d4"
dependencies = [
 "utf8parse",
]

[[package]]
name = "anstyle-query"
version = "1.1.0"
source = "registry+https://github.com/rust-lang/crates.io-index"
checksum = "ad186efb764318d35165f1758e7dcef3b10628e26d41a44bc5550652e6804391"
dependencies = [
 "windows-sys",
]

[[package]]
name = "anstyle-wincon"
version = "3.0.3"
source = "registry+https://github.com/rust-lang/crates.io-index"
checksum = "61a38449feb7068f52bb06c12759005cf459ee52bb4adc1d5a7c4322d716fb19"
dependencies = [
 "anstyle",
 "windows-sys",
]

[[package]]
name = "bit-vec"
version = "0.6.3"
source = "registry+https://github.com/rust-lang/crates.io-index"
checksum = "349f9b6a179ed607305526ca489b34ad0a41aed5f7980fa90eb03160b69598fb"

[[package]]
name = "bit-vec"
version = "0.8.0"
source = "registry+https://github.com/rust-lang/crates.io-index"
checksum = "5e764a1d40d510daf35e07be9eb06e75770908c27d411ee6c92109c9840eaaf7"

[[package]]
name = "bitflags"
version = "2.5.0"
source = "registry+https://github.com/rust-lang/crates.io-index"
checksum = "cf4b9d6a944f767f8e5e0db018570623c85f3d925ac718db4e06d0187adb21c1"

[[package]]
name = "bstr"
version = "1.12.1"
source = "registry+https://github.com/rust-lang/crates.io-index"
checksum = "63044e1ae8e69f3b5a92c736ca6269b8d12fa7efe39bf34ddb06d102cf0e2cab"
dependencies = [
 "memchr",
 "regex-automata",
 "serde",
]

[[package]]
name = "byteorder"
version = "1.5.0"
source = "registry+https://github.com/rust-lang/crates.io-index"
checksum = "1fd0f2584146f6f2ef48085050886acf353beff7305ebd1ae69500e27c67f64b"

[[package]]
name = "bytes"
version = "1.11.0"
source = "registry+https://github.com/rust-lang/crates.io-index"
checksum = "b35204fbdc0b3f4446b89fc1ac2cf84a8a68971995d0bf2e925ec7cd960f9cb3"

[[package]]
name = "cfg-if"
version = "1.0.0"
source = "registry+https://github.com/rust-lang/crates.io-index"
checksum = "baf1de4339761588bc0619e3cbc0120ee582ebb74b53b4efbf79117bd2da40fd"

[[package]]
name = "clap"
version = "4.5.6"
source = "registry+https://github.com/rust-lang/crates.io-index"
checksum = "a9689a29b593160de5bc4aacab7b5d54fb52231de70122626c178e6a368994c7"
dependencies = [
 "clap_builder",
 "clap_derive",
]

[[package]]
name = "clap_builder"
version = "4.5.6"
source = "registry+https://github.com/rust-lang/crates.io-index"
checksum = "2e5387378c84f6faa26890ebf9f0a92989f8873d4d380467bcd0d8d8620424df"
dependencies = [
 "anstream",
 "anstyle",
 "clap_lex",
 "strsim",
]

[[package]]
name = "clap_derive"
version = "4.5.5"
source = "registry+https://github.com/rust-lang/crates.io-index"
checksum = "c780290ccf4fb26629baa7a1081e68ced113f1d3ec302fa5948f1c381ebf06c6"
dependencies = [
 "heck",
 "proc-macro2",
 "quote",
 "syn",
]

[[package]]
name = "clap_lex"
version = "0.7.1"
source = "registry+https://github.com/rust-lang/crates.io-index"
checksum = "4b82cf0babdbd58558212896d1a4272303a57bdb245c2bf1147185fb45640e70"

[[package]]
name = "colorchoice"
version = "1.0.1"
source = "registry+https://github.com/rust-lang/crates.io-index"
checksum = "0b6a852b24ab71dffc585bcb46eaf7959d175cb865a7152e35b348d1b2960422"

[[package]]
name = "context"
version = "0.1.0"
dependencies = [
 "noodles 0.51.0",
]

[[package]]
name = "crc32fast"
version = "1.4.2"
source = "registry+https://github.com/rust-lang/crates.io-index"
checksum = "a97769d94ddab943e4510d138150169a2758b5ef3eb191a9ee688de3e23ef7b3"
dependencies = [
 "cfg-if",
]

[[package]]
name = "crossbeam-channel"
version = "0.5.13"
source = "registry+https://github.com/rust-lang/crates.io-index"
checksum = "33480d6946193aa8033910124896ca395333cae7e2d1113d1fef6c3272217df2"
dependencies = [
 "crossbeam-utils",
]

[[package]]
name = "crossbeam-utils"
version = "0.8.20"
source = "registry+https://github.com/rust-lang/crates.io-index"
checksum = "22ec99545bb0ed0ea7bb9b8e1e9122ea386ff8a48c0922e43f36d45ab09e0e80"

[[package]]
name = "deranged"
version = "0.3.11"
source = "registry+https://github.com/rust-lang/crates.io-index"
checksum = "b42b6fa04a440b495c8b04d0e71b707c585f83cb9cb28cf8cd0d976c315e31b4"
dependencies = [
 "powerfmt",
]

[[package]]
name = "env_filter"
version = "1.0.0"
source = "registry+https://github.com/rust-lang/crates.io-index"
checksum = "7a1c3cc8e57274ec99de65301228b537f1e4eedc1b8e0f9411c6caac8ae7308f"
dependencies = [
 "log",
 "regex",
]

[[package]]
name = "env_logger"
version = "0.11.9"
source = "registry+https://github.com/rust-lang/crates.io-index"
checksum = "b2daee4ea451f429a58296525ddf28b45a3b64f1acf6587e2067437bb11e218d"
dependencies = [
 "anstream",
 "anstyle",
 "env_filter",
 "jiff",
 "log",
]

[[package]]
name = "equivalent"
version = "1.0.1"
source = "registry+https://github.com/rust-lang/crates.io-index"
checksum = "5443807d6dff69373d433ab9ef5378ad8df50ca6298caf15de6e52e24aaf54d5"

[[package]]
name = "flate2"
version = "1.1.9"
source = "registry+https://github.com/rust-lang/crates.io-index"
checksum = "843fba2746e448b37e26a819579957415c8cef339bf08564fe8b7ddbd959573c"
dependencies = [
 "crc32fast",
 "miniz_oxide",
 "zlib-rs",
]

[[package]]
name = "g2p"
version = "0.1.0"
dependencies = [
 "bstr",
 "env_logger",
 "flate2",
 "log",
 "noodles 0.106.0",
 "serde",
 "serde_json",
]

[[package]]
name = "hashbrown"
version = "0.14.5"
source = "registry+https://github.com/rust-lang/crates.io-index"
checksum = "e5274423e17b7c9fc20b6e7e208532f9b19825d82dfd615708b70edd83df41f1"

[[package]]
name = "heck"
version = "0.5.0"
source = "registry+https://github.com/rust-lang/crates.io-index"
checksum = "2304e00983f87ffb38b55b444b5e3b60a884b5d30c0fca7d82fe33449bbe55ea"

[[package]]
name = "hvariant"
version = "0.1.0"
dependencies = [
 "clap",
 "noodles 0.51.0",
 "serde_json",
]

[[package]]
name = "indexmap"
version = "2.2.6"
source = "registry+https://github.com/rust-lang/crates.io-index"
checksum = "168fb715dda47215e360912c096649d23d58bf392ac62f73919e831745e40f26"
dependencies = [
 "equivalent",
 "hashbrown",
]

[[package]]
name = "is_terminal_polyfill"
version = "1.70.0"
source = "registry+https://github.com/rust-lang/crates.io-index"
checksum = "f8478577c03552c21db0e2724ffb8986a5ce7af88107e6be5d2ee6e158c12800"

[[package]]
name = "itoa"
version = "1.0.11"
source = "registry+https://github.com/rust-lang/crates.io-index"
checksum = "49f1f14873335454500d59611f1cf4a4b0f786f9ac11f4312a78e4cf2566695b"

[[package]]
name = "jiff"
version = "0.2.21"
source = "registry+https://github.com/rust-lang/crates.io-index"
checksum = "b3e3d65f018c6ae946ab16e80944b97096ed73c35b221d1c478a6c81d8f57940"
dependencies = [
 "jiff-static",
 "log",
 "portable-atomic",
 "portable-atomic-util",
 "serde_core",
]

[[package]]
name = "jiff-static"
version = "0.2.21"
source = "registry+https://github.com/rust-lang/crates.io-index"
checksum = "a17c2b211d863c7fde02cbea8a3c1a439b98e109286554f2860bdded7ff83818"
dependencies = [
 "proc-macro2",
 "quote",
 "syn",
]

[[package]]
name = "lexical-core"
version = "0.8.5"
source = "registry+https://github.com/rust-lang/crates.io-index"
checksum = "2cde5de06e8d4c2faabc400238f9ae1c74d5412d03a7bd067645ccbc47070e46"
dependencies = [
 "lexical-parse-float 0.8.5",
 "lexical-parse-integer 0.8.6",
 "lexical-util 0.8.5",
 "lexical-write-float 0.8.5",
 "lexical-write-integer 0.8.5",
]

[[package]]
name = "lexical-core"
version = "1.0.5"
source = "registry+https://github.com/rust-lang/crates.io-index"
checksum = "b765c31809609075565a70b4b71402281283aeda7ecaf4818ac14a7b2ade8958"
dependencies = [
 "lexical-parse-float 1.0.5",
 "lexical-parse-integer 1.0.5",
 "lexical-util 1.0.6",
 "lexical-write-float 1.0.5",
 "lexical-write-integer 1.0.5",
]

[[package]]
name = "lexical-parse-float"
version = "0.8.5"
source = "registry+https://github.com/rust-lang/crates.io-index"
checksum = "683b3a5ebd0130b8fb52ba0bdc718cc56815b6a097e28ae5a6997d0ad17dc05f"
dependencies = [
 "lexical-parse-integer 0.8.6",
 "lexical-util 0.8.5",
 "static_assertions",
]

[[package]]
name = "lexical-parse-float"
version = "1.0.5"
source = "registry+https://github.com/rust-lang/crates.io-index"
checksum = "de6f9cb01fb0b08060209a057c048fcbab8717b4c1ecd2eac66ebfe39a65b0f2"
dependencies = [
 "lexical-parse-integer 1.0.5",
 "lexical-util 1.0.6",
 "static_assertions",
]

[[package]]
name = "lexical-parse-integer"
version = "0.8.6"
source = "registry+https://github.com/rust-lang/crates.io-index"
checksum = "6d0994485ed0c312f6d965766754ea177d07f9c00c9b82a5ee62ed5b47945ee9"
dependencies = [
 "lexical-util 0.8.5",
 "static_assertions",
]

[[package]]
name = "lexical-parse-integer"
version = "1.0.5"
source = "registry+https://github.com/rust-lang/crates.io-index"
checksum = "72207aae22fc0a121ba7b6d479e42cbfea549af1479c3f3a4f12c70dd66df12e"
dependencies = [
 "lexical-util 1.0.6",
 "static_assertions",
]

[[package]]
name = "lexical-util"
version = "0.8.5"
source = "registry+https://github.com/rust-lang/crates.io-index"
checksum = "5255b9ff16ff898710eb9eb63cb39248ea8a5bb036bea8085b1a767ff6c4e3fc"
dependencies = [
 "static_assertions",
]

[[package]]
name = "lexical-util"
version = "1.0.6"
source = "registry+https://github.com/rust-lang/crates.io-index"
checksum = "5a82e24bf537fd24c177ffbbdc6ebcc8d54732c35b50a3f28cc3f4e4c949a0b3"
dependencies = [
 "static_assertions",
]

[[package]]
name = "lexical-write-float"
version = "0.8.5"
source = "registry+https://github.com/rust-lang/crates.io-index"
checksum = "accabaa1c4581f05a3923d1b4cfd124c329352288b7b9da09e766b0668116862"
dependencies = [
 "lexical-util 0.8.5",
 "lexical-write-integer 0.8.5",
 "static_assertions",
]

[[package]]
name = "lexical-write-float"
version = "1.0.5"
source = "registry+https://github.com/rust-lang/crates.io-index"
checksum = "c5afc668a27f460fb45a81a757b6bf2f43c2d7e30cb5a2dcd3abf294c78d62bd"
dependencies = [
 "lexical-util 1.0.6",
 "lexical-write-integer 1.0.5",
 "static_assertions",
]

[[package]]
name = "lexical-write-integer"
version = "0.8.5"
source = "registry+https://github.com/rust-lang/crates.io-index"
checksum = "e1b6f3d1f4422866b68192d62f77bc5c700bee84f3069f2469d7bc8c77852446"
dependencies = [
 "lexical-util 0.8.5",
 "static_assertions",
]

[[package]]
name = "lexical-write-integer"
version = "1.0.5"
source = "registry+https://github.com/rust-lang/crates.io-index"
checksum = "629ddff1a914a836fb245616a7888b62903aae58fa771e1d83943035efa0f978"
dependencies = [
 "lexical-util 1.0.6",
 "static_assertions",
]

[[package]]
name = "libc"
version = "0.2.155"
source = "registry+https://github.com/rust-lang/crates.io-index"
checksum = "97b3888a4aecf77e811145cadf6eef5901f4782c53886191b2f693f24761847c"

[[package]]
name = "log"
version = "0.4.29"
source = "registry+https://github.com/rust-lang/crates.io-index"
checksum = "5e5032e24019045c762d3c0f28f5b6b8bbf38563a65908389bf7978758920897"

[[package]]
name = "memchr"
version = "2.7.2"
source = "registry+https://github.com/rust-lang/crates.io-index"
checksum = "6c8640c5d730cb13ebd907d8d04b52f55ac9a2eec55b440c8892f40d56c76c1d"

[[package]]
name = "miniz_oxide"
version = "0.8.9"
source = "registry+https://github.com/rust-lang/crates.io-index"
checksum = "1fa76a2c86f704bdb222d66965fb3d63269ce38518b83cb0575fca855ebb6316"
dependencies = [
 "adler2",
 "simd-adler32",
]

[[package]]
name = "noodles"
version = "0.51.0"
source = "registry+https://github.com/rust-lang/crates.io-index"
checksum = "cba513e9748583439b2d4d4a62ee663e4c24d2f6d8e2b4e9dc536bb170ba8558"
dependencies = [
 "noodles-bam 0.45.0",
 "noodles-bed 0.10.0",
 "noodles-bgzf 0.24.0",
 "noodles-core 0.12.0",
 "noodles-csi 0.24.0",
 "noodles-fasta 0.29.0",
 "noodles-sam 0.42.0",
 "noodles-tabix 0.29.0",
 "noodles-vcf 0.39.0",
]

[[package]]
name = "noodles"
version = "0.76.0"
source = "registry+https://github.com/rust-lang/crates.io-index"
checksum = "7a346e5a6000033512105890243ff310a307637ae9d9de317f7480e136549a4d"
dependencies = [
 "noodles-core 0.15.0",
 "noodles-fasta 0.39.0",
 "noodles-vcf 0.59.0",
]

[[package]]
name = "noodles"
version = "0.82.0"
source = "registry+https://github.com/rust-lang/crates.io-index"
checksum = "4f5855c944a96d41a76b13609b9696b2fb7adbc248048f10a4df836edabddd65"
dependencies = [
 "noodles-bed 0.16.0",
 "noodles-core 0.15.0",
 "noodles-vcf 0.65.0",
]

[[package]]
name = "noodles"
version = "0.90.0"
source = "registry+https://github.com/rust-lang/crates.io-index"
checksum = "39508f5ed65545a4cd1115124207210b7bcc48d85099b359fddf998c55357aa3"
dependencies = [
 "noodles-bam 0.75.0",
 "noodles-bgzf 0.35.0",
 "noodles-core 0.16.0",
 "noodles-fasta 0.48.0",
 "noodles-sam 0.71.0",
]

[[package]]
name = "noodles"
version = "0.103.0"
source = "registry+https://github.com/rust-lang/crates.io-index"
checksum = "0fe3421906261ed39529078e710e3769efdd4f276853235ce5117813bd385533"
dependencies = [
 "noodles-vcf 0.83.0",
]

[[package]]
name = "noodles"
version = "0.106.0"
source = "registry+https://github.com/rust-lang/crates.io-index"
checksum = "34395c8dba986b5706354a4a761eb3e601fdbf1177df6e91b90f53d5f658245e"
dependencies = [
 "noodles-core 0.19.0",
 "noodles-fasta 0.60.0",
]

[[package]]
name = "noodles-bam"
version = "0.45.0"
source = "registry+https://github.com/rust-lang/crates.io-index"
checksum = "38a0d2e2fd41b88e560d553f615605ce0fc5189c29ea0d3f5e8952c85a2e87c3"
dependencies = [
 "bit-vec 0.6.3",
 "byteorder",
 "bytes",
 "noodles-bgzf 0.24.0",
 "noodles-core 0.12.0",
 "noodles-csi 0.24.0",
 "noodles-sam 0.42.0",
]

[[package]]
name = "noodles-bam"
version = "0.75.0"
source = "registry+https://github.com/rust-lang/crates.io-index"
checksum = "a84287611c9332d6bc6a0a87c80c9eb0641317996409ba57503925bbdcaee2ba"
dependencies = [
 "bstr",
 "byteorder",
 "indexmap",
 "memchr",
 "noodles-bgzf 0.35.0",
 "noodles-core 0.16.0",
 "noodles-csi 0.43.0",
 "noodles-sam 0.71.0",
]

[[package]]
name = "noodles-bed"
version = "0.10.0"
source = "registry+https://github.com/rust-lang/crates.io-index"
checksum = "deba180b7b94c524307da91d5bc983e0ccb9a08c4e24384cc8f93e0210af254a"
dependencies = [
 "noodles-core 0.12.0",
]

[[package]]
name = "noodles-bed"
version = "0.16.0"
source = "registry+https://github.com/rust-lang/crates.io-index"
checksum = "b9ef42b123ceb6058e5dd4f3f4e1e2079253168017969d22c2899372446aed8b"
dependencies = [
 "bstr",
 "lexical-core 0.8.5",
 "memchr",
 "noodles-core 0.15.0",
]

[[package]]
name = "noodles-bgzf"
version = "0.24.0"
source = "registry+https://github.com/rust-lang/crates.io-index"
checksum = "8f4c43ff0879c542c1d8fd570c03e368f629587721d10267f2619e36afc9c9b0"
dependencies = [
 "byteorder",
 "bytes",
 "crossbeam-channel",
 "flate2",
]

[[package]]
name = "noodles-bgzf"
version = "0.29.0"
source = "registry+https://github.com/rust-lang/crates.io-index"
checksum = "7dba1c82e9f92c00b23538359e5d191dff7ccb300cf659ee3a835af65c3cd143"
dependencies = [
 "byteorder",
 "bytes",
 "crossbeam-channel",
 "flate2",
]

[[package]]
name = "noodles-bgzf"
version = "0.30.0"
source = "registry+https://github.com/rust-lang/crates.io-index"
checksum = "13f54d4840fd26ed94103ded9524aa5fdd757255a556f24653d162c0a45c47e8"
dependencies = [
 "byteorder",
 "bytes",
 "crossbeam-channel",
 "flate2",
]

[[package]]
name = "noodles-bgzf"
version = "0.33.0"
source = "registry+https://github.com/rust-lang/crates.io-index"
checksum = "3b50aaa8f0a3c8a0b738b641a6d1a78d9fd30a899ab2d398779ee3c4eb80f1c1"
dependencies = [
 "byteorder",
 "bytes",
 "crossbeam-channel",
 "flate2",
]

[[package]]
name = "noodles-bgzf"
version = "0.35.0"
source = "registry+https://github.com/rust-lang/crates.io-index"
checksum = "c6786136e224bdb8550b077ad44ef2bd5ebc8b06d07fab69aaa7f47d06f0da75"
dependencies = [
 "byteorder",
 "bytes",
 "crossbeam-channel",
 "flate2",
]

[[package]]
name = "noodles-bgzf"
version = "0.45.0"
source = "registry+https://github.com/rust-lang/crates.io-index"
checksum = "51c6a40480d211d9db28956b77443cac7c90b2d3d775f02e9c3fdf67ef8d611a"
dependencies = [
 "bytes",
 "crossbeam-channel",
 "flate2",
]

[[package]]
name = "noodles-bgzf"
version = "0.46.0"
source = "registry+https://github.com/rust-lang/crates.io-index"
checksum = "37290f565045fd2775b549e62dffca7e1afadc70d8d5a3a2ef19609eb3d8193b"
dependencies = [
 "bytes",
 "crossbeam-channel",
 "flate2",
]

[[package]]
name = "noodles-core"
version = "0.12.0"
source = "registry+https://github.com/rust-lang/crates.io-index"
checksum = "94fbe3192fe33acacabaedd387657f39b0fc606f1996d546db0dfe14703b843a"

[[package]]
name = "noodles-core"
version = "0.15.0"
source = "registry+https://github.com/rust-lang/crates.io-index"
checksum = "c5a8c6b020d1205abef2b0fab4463a6c5ecc3c8f4d561ca8b0d1a42323376200"
dependencies = [
 "bstr",
]

[[package]]
name = "noodles-core"
version = "0.16.0"
source = "registry+https://github.com/rust-lang/crates.io-index"
checksum = "962b13b79312f773a12ffcb0cdaccab6327f8343b6f440a888eff10c749d52b0"
dependencies = [
 "bstr",
]

[[package]]
name = "noodles-core"
version = "0.18.0"
source = "registry+https://github.com/rust-lang/crates.io-index"
checksum = "8ebfc6396fb51059c98a35bb81b96422ac41ea1bc60b6c8e9c6b2550212e9493"
dependencies = [
 "bstr",
]

[[package]]
name = "noodles-core"
version = "0.19.0"
source = "registry+https://github.com/rust-lang/crates.io-index"
checksum = "53e1e8a419dbba0e4000b0e60830b124138c7f2277ad556463506f1a81d32d17"
dependencies = [
 "bstr",
]

[[package]]
name = "noodles-csi"
version = "0.24.0"
source = "registry+https://github.com/rust-lang/crates.io-index"
checksum = "1b2bb780250c88bc9ea69b56c1aa9df75decc6b79035f3f5ab10c0cd84d24fc6"
dependencies = [
 "bit-vec 0.6.3",
 "byteorder",
 "indexmap",
 "noodles-bgzf 0.24.0",
 "noodles-core 0.12.0",
]

[[package]]
name = "noodles-csi"
version = "0.35.0"
source = "registry+https://github.com/rust-lang/crates.io-index"
checksum = "beb1618ca2aa88662d387197a188686105d6b5e25f6959c52b766276cbfc4620"
dependencies = [
 "bit-vec 0.6.3",
 "byteorder",
 "indexmap",
 "noodles-bgzf 0.30.0",
 "noodles-core 0.15.0",
]

[[package]]
name = "noodles-csi"
version = "0.38.0"
source = "registry+https://github.com/rust-lang/crates.io-index"
checksum = "a69e79dbc09bd0cb86d29469ed29066e9a163bce6640527b343bdea458144618"
dependencies = [
 "bit-vec 0.8.0",
 "byteorder",
 "indexmap",
 "noodles-bgzf 0.33.0",
 "noodles-core 0.15.0",
]

[[package]]
name = "noodles-csi"
version = "0.43.0"
source = "registry+https://github.com/rust-lang/crates.io-index"
checksum = "197f4c332f233135159b62bd9a6c35d0bf8366ccf0d7b9cbed3c6ec92a8e4464"
dependencies = [
 "bit-vec 0.8.0",
 "bstr",
 "byteorder",
 "indexmap",
 "noodles-bgzf 0.35.0",
 "noodles-core 0.16.0",
]

[[package]]
name = "noodles-csi"
version = "0.53.0"
source = "registry+https://github.com/rust-lang/crates.io-index"
checksum = "0646c79753d5f5c2b366b74a01b8309c8b41fec49cd417972f0b5d8c2ff12c67"
dependencies = [
 "bit-vec 0.8.0",
 "bstr",
 "indexmap",
 "noodles-bgzf 0.45.0",
 "noodles-core 0.18.0",
]

[[package]]
name = "noodles-fasta"
version = "0.29.0"
source = "registry+https://github.com/rust-lang/crates.io-index"
checksum = "1012431f881aad1912f9650a8d33e7f7493c6202bc2e889949ec1bc26a55f26d"
dependencies = [
 "bytes",
 "memchr",
 "noodles-bgzf 0.24.0",
 "noodles-core 0.12.0",
]

[[package]]
name = "noodles-fasta"
version = "0.37.0"
source = "registry+https://github.com/rust-lang/crates.io-index"
checksum = "f39e63a05153a463927caaa56caa157f9b11baff58b771db767bcaed9903cec6"
dependencies = [
 "bytes",
 "memchr",
 "noodles-bgzf 0.29.0",
 "noodles-core 0.15.0",
]

[[package]]
name = "noodles-fasta"
version = "0.39.0"
source = "registry+https://github.com/rust-lang/crates.io-index"
checksum = "c3f35c5b39977f95efacb67c3ae4ca00b5229249327bb0e9a980f386cad36d93"
dependencies = [
 "bytes",
 "memchr",
 "noodles-bgzf 0.30.0",
 "noodles-core 0.15.0",
]

[[package]]
name = "noodles-fasta"
version = "0.48.0"
source = "registry+https://github.com/rust-lang/crates.io-index"
checksum = "ce052e3ec1623aac185890eac7c6c76bca100876dce3507a58fbb29957ba1af2"
dependencies = [
 "bstr",
 "bytes",
 "memchr",
 "noodles-bgzf 0.35.0",
 "noodles-core 0.16.0",
]

[[package]]
name = "noodles-fasta"
version = "0.60.0"
source = "registry+https://github.com/rust-lang/crates.io-index"
checksum = "a5c8ccd951d43ba0a1c4dcc1f86fdc2ee86c1742de2988956bcdf1bc58905769"
dependencies = [
 "bstr",
 "memchr",
 "noodles-bgzf 0.46.0",
 "noodles-core 0.19.0",
]

[[package]]
name = "noodles-sam"
version = "0.42.0"
source = "registry+https://github.com/rust-lang/crates.io-index"
checksum = "44168ac48842b66400a3315d1c64a33ce531d2afbfc64d839a0d024bdc171455"
dependencies = [
 "bitflags",
 "indexmap",
 "lexical-core 0.8.5",
 "memchr",
 "noodles-bgzf 0.24.0",
 "noodles-core 0.12.0",
 "noodles-csi 0.24.0",
]

[[package]]
name = "noodles-sam"
version = "0.71.0"
source = "registry+https://github.com/rust-lang/crates.io-index"
checksum = "c2dcc0a75aff55994436ee20022fb62eeef2e4641a1ff8036fbe492f7d41f698"
dependencies = [
 "bitflags",
 "bstr",
 "indexmap",
 "lexical-core 1.0.5",
 "memchr",
 "noodles-bgzf 0.35.0",
 "noodles-core 0.16.0",
 "noodles-csi 0.43.0",
]

[[package]]
name = "noodles-tabix"
version = "0.29.0"
source = "registry+https://github.com/rust-lang/crates.io-index"
checksum = "056e394ddb4c64bcc9806551a69833294062159600aa8ecf7167a922512bda4f"
dependencies = [
 "bit-vec 0.6.3",
 "byteorder",
 "noodles-bgzf 0.24.0",
 "noodles-core 0.12.0",
 "noodles-csi 0.24.0",
]

[[package]]
name = "noodles-tabix"
version = "0.41.0"
source = "registry+https://github.com/rust-lang/crates.io-index"
checksum = "0cc110f78cb406f69f42c482d1986526c590b7295f37f0e37f1fc380413400ef"
dependencies = [
 "bit-vec 0.6.3",
 "byteorder",
 "indexmap",
 "noodles-bgzf 0.30.0",
 "noodles-core 0.15.0",
 "noodles-csi 0.35.0",
]

[[package]]
name = "noodles-tabix"
version = "0.44.0"
source = "registry+https://github.com/rust-lang/crates.io-index"
checksum = "263e63f58871224d0cd30ffc4a8531fb4f8f8ec686807febde8e19a69673fe01"
dependencies = [
 "byteorder",
 "indexmap",
 "noodles-bgzf 0.33.0",
 "noodles-core 0.15.0",
 "noodles-csi 0.38.0",
]

[[package]]
name = "noodles-tabix"
version = "0.59.0"
source = "registry+https://github.com/rust-lang/crates.io-index"
checksum = "2bf2eaf575add136ea3e2f72983e175c549fc09e267efbec1ff89f2bc8c92821"
dependencies = [
 "bstr",
 "indexmap",
 "noodles-bgzf 0.45.0",
 "noodles-core 0.18.0",
 "noodles-csi 0.53.0",
]

[[package]]
name = "noodles-vcf"
version = "0.39.0"
source = "registry+https://github.com/rust-lang/crates.io-index"
checksum = "1a056c06c7b33d5ba10bb59c09cca9500b02c3e0ead964dd4cf8f0068159783a"
dependencies = [
 "indexmap",
 "memchr",
 "noodles-bgzf 0.24.0",
 "noodles-core 0.12.0",
 "noodles-csi 0.24.0",
 "noodles-tabix 0.29.0",
 "percent-encoding",
]

[[package]]
name = "noodles-vcf"
version = "0.59.0"
source = "registry+https://github.com/rust-lang/crates.io-index"
checksum = "7363b498e8a015db55777ccbc5cb0036182175851443c62ef847c7152c8a9919"
dependencies = [
 "indexmap",
 "memchr",
 "noodles-bgzf 0.30.0",
 "noodles-core 0.15.0",
 "noodles-csi 0.35.0",
 "noodles-tabix 0.41.0",
 "percent-encoding",
]

[[package]]
name = "noodles-vcf"
version = "0.65.0"
source = "registry+https://github.com/rust-lang/crates.io-index"
checksum = "37459769faa61c655a2f0cfc1f068c69dbaf92eb648250bd7a7e544b6c6664d0"
dependencies = [
 "indexmap",
 "memchr",
 "noodles-bgzf 0.33.0",
 "noodles-core 0.15.0",
 "noodles-csi 0.38.0",
 "noodles-tabix 0.44.0",
 "percent-encoding",
]

[[package]]
name = "noodles-vcf"
version = "0.83.0"
source = "registry+https://github.com/rust-lang/crates.io-index"
checksum = "790b380c8e7521b3ceda984f958b4fca470f25c267e04f6a27a5c435a23b687b"
dependencies = [
 "indexmap",
 "memchr",
 "noodles-bgzf 0.45.0",
 "noodles-core 0.18.0",
 "noodles-csi 0.53.0",
 "noodles-tabix 0.59.0",
 "percent-encoding",
]

[[package]]
name = "num-conv"
version = "0.1.0"
source = "registry+https://github.com/rust-lang/crates.io-index"
checksum = "51d515d32fb182ee37cda2ccdcb92950d6a3c2893aa280e540671c2cd0f3b1d9"

[[package]]
name = "num_threads"
version = "0.1.7"
source = "registry+https://github.com/rust-lang/crates.io-index"
checksum = "5c7398b9c8b70908f6371f47ed36737907c87c52af34c268fed0bf0ceb92ead9"
dependencies = [
 "libc",
]

[[package]]
name = "percent-encoding"
version = "2.3.1"
source = "registry+https://github.com/rust-lang/crates.io-index"
checksum = "e3148f5046208a5d56bcfc03053e3ca6334e51da8dfb19b6cdc8b306fae3283e"

[[package]]
name = "portable-atomic"
version = "1.13.1"
source = "registry+https://github.com/rust-lang/crates.io-index"
checksum = "c33a9471896f1c69cecef8d20cbe2f7accd12527ce60845ff44c153bb2a21b49"

[[package]]
name = "portable-atomic-util"
version = "0.2.5"
source = "registry+https://github.com/rust-lang/crates.io-index"
checksum = "7a9db96d7fa8782dd8c15ce32ffe8680bbd1e978a43bf51a34d39483540495f5"
dependencies = [
 "portable-atomic",
]

[[package]]
name = "powerfmt"
version = "0.2.0"
source = "registry+https://github.com/rust-lang/crates.io-index"
checksum = "439ee305def115ba05938db6eb1644ff94165c5ab5e9420d1c1bcedbba909391"

[[package]]
name = "proc-macro2"
version = "1.0.106"
source = "registry+https://github.com/rust-lang/crates.io-index"
checksum = "8fd00f0bb2e90d81d1044c2b32617f68fcb9fa3bb7640c23e9c748e53fb30934"
dependencies = [
 "unicode-ident",
]

[[package]]
name = "quote"
version = "1.0.44"
source = "registry+https://github.com/rust-lang/crates.io-index"
checksum = "21b2ebcf727b7760c461f091f9f0f539b77b8e87f2fd88131e7f1b433b3cece4"
dependencies = [
 "proc-macro2",
]

[[package]]
name = "regex"
version = "1.10.4"
source = "registry+https://github.com/rust-lang/crates.io-index"
checksum = "c117dbdfde9c8308975b6a18d71f3f385c89461f7b3fb054288ecf2a2058ba4c"
dependencies = [
 "aho-corasick",
 "memchr",
 "regex-automata",
 "regex-syntax",
]

[[package]]
name = "regex-automata"
version = "0.4.6"
source = "registry+https://github.com/rust-lang/crates.io-index"
checksum = "86b83b8b9847f9bf95ef68afb0b8e6cdb80f498442f5179a29fad448fcc1eaea"
dependencies = [
 "aho-corasick",
 "memchr",
 "regex-syntax",
]

[[package]]
name = "regex-syntax"
version = "0.8.3"
source = "registry+https://github.com/rust-lang/crates.io-index"
checksum = "adad44e29e4c806119491a7f06f03de4d1af22c3a680dd47f1e6e179439d1f56"

[[package]]
name = "rust_mpileup"
version = "0.1.0"
dependencies = [
 "bstr",
 "noodles 0.90.0",
 "noodles-fasta 0.37.0",
 "thiserror",
]

[[package]]
name = "rustc-hash"
version = "1.1.0"
source = "registry+https://github.com/rust-lang/crates.io-index"
checksum = "08d43f7aa6b08d49f382cde6a7982047c3426db949b1424bc4b7ec9ae12c6ce2"

[[package]]
name = "serde"
version = "1.0.228"
source = "registry+https://github.com/rust-lang/crates.io-index"
checksum = "9a8e94ea7f378bd32cbbd37198a4a91436180c5bb472411e48b5ec2e2124ae9e"
dependencies = [
 "serde_core",
 "serde_derive",
]

[[package]]
name = "serde_core"
version = "1.0.228"
source = "registry+https://github.com/rust-lang/crates.io-index"
checksum = "41d385c7d4ca58e59fc732af25c3983b67ac852c1a25000afe1175de458b67ad"
dependencies = [
 "serde_derive",
]

[[package]]
name = "serde_derive"
version = "1.0.228"
source = "registry+https://github.com/rust-lang/crates.io-index"
checksum = "d540f220d3187173da220f885ab66608367b6574e925011a9353e4badda91d79"
dependencies = [
 "proc-macro2",
 "quote",
 "syn",
]

[[package]]
name = "serde_json"
version = "1.0.149"
source = "registry+https://github.com/rust-lang/crates.io-index"
checksum = "83fc039473c5595ace860d8c4fafa220ff474b3fc6bfdb4293327f1a37e94d86"
dependencies = [
 "itoa",
 "memchr",
 "serde",
 "serde_core",
 "zmij",
]

[[package]]
name = "simd-adler32"
version = "0.3.8"
source = "registry+https://github.com/rust-lang/crates.io-index"
checksum = "e320a6c5ad31d271ad523dcf3ad13e2767ad8b1cb8f047f75a8aeaf8da139da2"

[[package]]
name = "simplelog"
version = "0.12.2"
source = "registry+https://github.com/rust-lang/crates.io-index"
checksum = "16257adbfaef1ee58b1363bdc0664c9b8e1e30aed86049635fb5f147d065a9c0"
dependencies = [
 "log",
 "termcolor",
 "time",
]

[[package]]
name = "static_assertions"
version = "1.1.0"
source = "registry+https://github.com/rust-lang/crates.io-index"
checksum = "a2eb9349b6444b326872e140eb1cf5e7c522154d69e7a0ffb0fb81c06b37543f"

[[package]]
name = "strsim"
version = "0.11.1"
source = "registry+https://github.com/rust-lang/crates.io-index"
checksum = "7da8b5736845d9f2fcb837ea5d9e2628564b3b043a70948a3f0b778838c5fb4f"

[[package]]
name = "syn"
version = "2.0.117"
source = "registry+https://github.com/rust-lang/crates.io-index"
checksum = "e665b8803e7b1d2a727f4023456bbbbe74da67099c585258af0ad9c5013b9b99"
dependencies = [
 "proc-macro2",
 "quote",
 "unicode-ident",
]

[[package]]
name = "termcolor"
version = "1.4.1"
source = "registry+https://github.com/rust-lang/crates.io-index"
checksum = "06794f8f6c5c898b3275aebefa6b8a1cb24cd2c6c79397ab15774837a0bc5755"
dependencies = [
 "winapi-util",
]

[[package]]
name = "thiserror"
version = "1.0.63"
source = "registry+https://github.com/rust-lang/crates.io-index"
checksum = "c0342370b38b6a11b6cc11d6a805569958d54cfa061a29969c3b5ce2ea405724"
dependencies = [
 "thiserror-impl",
]

[[package]]
name = "thiserror-impl"
version = "1.0.63"
source = "registry+https://github.com/rust-lang/crates.io-index"
checksum = "a4558b58466b9ad7ca0f102865eccc95938dca1a74a856f2b57b6629050da261"
dependencies = [
 "proc-macro2",
 "quote",
 "syn",
]

[[package]]
name = "time"
version = "0.3.36"
source = "registry+https://github.com/rust-lang/crates.io-index"
checksum = "5dfd88e563464686c916c7e46e623e520ddc6d79fa6641390f2e3fa86e83e885"
dependencies = [
 "deranged",
 "itoa",
 "libc",
 "num-conv",
 "num_threads",
 "powerfmt",
 "serde",
 "time-core",
 "time-macros",
]

[[package]]
name = "time-core"
version = "0.1.2"
source = "registry+https://github.com/rust-lang/crates.io-index"
checksum = "ef927ca75afb808a4d64dd374f00a2adf8d0fcff8e7b184af886c3c87ec4a3f3"

[[package]]
name = "time-macros"
version = "0.2.18"
source = "registry+https://github.com/rust-lang/crates.io-index"
checksum = "3f252a68540fde3a3877aeea552b832b40ab9a69e318efd078774a01ddee1ccf"
dependencies = [
 "num-conv",
 "time-core",
]

[[package]]
name = "unicode-ident"
version = "1.0.12"
source = "registry+https://github.com/rust-lang/crates.io-index"
checksum = "3354b9ac3fae1ff6755cb6db53683adb661634f67557942dea4facebec0fee4b"

[[package]]
name = "utf8parse"
version = "0.2.1"
source = "registry+https://github.com/rust-lang/crates.io-index"
checksum = "711b9620af191e0cdc7468a8d14e709c3dcdb115b36f838e601583af800a370a"

[[package]]
name = "varianth-cli"
version = "0.1.0"
dependencies = [
 "clap",
 "context",
 "g2p",
 "log",
 "noodles 0.76.0",
 "regex",
 "rustc-hash",
 "serde",
 "serde_json",
 "simplelog",
 "varianth-core",
 "vep2table",
]

[[package]]
name = "varianth-core"
version = "0.1.0"
dependencies = [
 "bstr",
 "noodles 0.82.0",
]

[[package]]
name = "vep2table"
version = "0.1.0"
dependencies = [
 "noodles 0.103.0",
]

[[package]]
name = "winapi-util"
version = "0.1.8"
source = "registry+https://github.com/rust-lang/crates.io-index"
checksum = "4d4cc384e1e73b93bafa6fb4f1df8c41695c8a91cf9c4c64358067d15a7b6c6b"
dependencies = [
 "windows-sys",
]

[[package]]
name = "windows-sys"
version = "0.52.0"
source = "registry+https://github.com/rust-lang/crates.io-index"
checksum = "282be5f36a8ce781fad8c8ae18fa3f9beff57ec1b52cb3de0789201425d9a33d"
dependencies = [
 "windows-targets",
]

[[package]]
name = "windows-targets"
version = "0.52.5"
source = "registry+https://github.com/rust-lang/crates.io-index"
checksum = "6f0713a46559409d202e70e28227288446bf7841d3211583a4b53e3f6d96e7eb"
dependencies = [
 "windows_aarch64_gnullvm",
 "windows_aarch64_msvc",
 "windows_i686_gnu",
 "windows_i686_gnullvm",
 "windows_i686_msvc",
 "windows_x86_64_gnu",
 "windows_x86_64_gnullvm",
 "windows_x86_64_msvc",
]

[[package]]
name = "windows_aarch64_gnullvm"
version = "0.52.5"
source = "registry+https://github.com/rust-lang/crates.io-index"
checksum = "7088eed71e8b8dda258ecc8bac5fb1153c5cffaf2578fc8ff5d61e23578d3263"

[[package]]
name = "windows_aarch64_msvc"
version = "0.52.5"
source = "registry+https://github.com/rust-lang/crates.io-index"
checksum = "9985fd1504e250c615ca5f281c3f7a6da76213ebd5ccc9561496568a2752afb6"

[[package]]
name = "windows_i686_gnu"
version = "0.52.5"
source = "registry+https://github.com/rust-lang/crates.io-index"
checksum = "88ba073cf16d5372720ec942a8ccbf61626074c6d4dd2e745299726ce8b89670"

[[package]]
name = "windows_i686_gnullvm"
version = "0.52.5"
source = "registry+https://github.com/rust-lang/crates.io-index"
checksum = "87f4261229030a858f36b459e748ae97545d6f1ec60e5e0d6a3d32e0dc232ee9"

[[package]]
name = "windows_i686_msvc"
version = "0.52.5"
source = "registry+https://github.com/rust-lang/crates.io-index"
checksum = "db3c2bf3d13d5b658be73463284eaf12830ac9a26a90c717b7f771dfe97487bf"

[[package]]
name = "windows_x86_64_gnu"
version = "0.52.5"
source = "registry+https://github.com/rust-lang/crates.io-index"
checksum = "4e4246f76bdeff09eb48875a0fd3e2af6aada79d409d33011886d3e1581517d9"

[[package]]
name = "windows_x86_64_gnullvm"
version = "0.52.5"
source = "registry+https://github.com/rust-lang/crates.io-index"
checksum = "852298e482cd67c356ddd9570386e2862b5673c85bd5f88df9ab6802b334c596"

[[package]]
name = "windows_x86_64_msvc"
version = "0.52.5"
source = "registry+https://github.com/rust-lang/crates.io-index"
checksum = "bec47e5bfd1bff0eeaf6d8b485cc1074891a197ab4225d504cb7a1ab88b02bf0"

[[package]]
name = "zlib-rs"
version = "0.6.2"
source = "registry+https://github.com/rust-lang/crates.io-index"
checksum = "c745c48e1007337ed136dc99df34128b9faa6ed542d80a1c673cf55a6d7236c8"

[[package]]
name = "zmij"
version = "1.0.21"
source = "registry+https://github.com/rust-lang/crates.io-index"
checksum = "b8848ee67ecc8aedbaf3e4122217aff892639231befc6a1b58d29fff4c2cabaa"
